
Microsoft Visual Studio Solution File, Format Version 12.00
# Visual Studio Version 16
VisualStudioVersion = 16.0.31105.61
MinimumVisualStudioVersion = 10.0.40219.1
Project("{FAE04EC0-301F-11D3-BF4B-00C04F79EFBC}") = "Practica 1-2", "Practica 1-2.csproj", "{71881A02-2948-4033-9672-E547AD5E03FD}"
EndProject
Global
	GlobalSection(SolutionConfigurationPlatforms) = preSolution
		Debug|Any CPU = Debug|Any CPU
		Release|Any CPU = Release|Any CPU
	EndGlobalSection
	GlobalSection(ProjectConfigurationPlatforms) = postSolution
		{71881A02-2948-4033-9672-E547AD5E03FD}.Debug|Any CPU.ActiveCfg = Debug|Any CPU
		{71881A02-2948-4033-9672-E547AD5E03FD}.Debug|Any CPU.Build.0 = Debug|Any CPU
		{71881A02-2948-4033-9672-E547AD5E03FD}.Release|Any CPU.ActiveCfg = Release|Any CPU
		{71881A02-2948-4033-9672-E547AD5E03FD}.Release|Any CPU.Build.0 = Release|Any CPU
	EndGlobalSection
	GlobalSection(SolutionProperties) = preSolution
		HideSolutionNode = FALSE
	EndGlobalSection
	GlobalSection(ExtensibilityGlobals) = postSolution
		SolutionGuid = {68323943-7929-4CAE-AFF2-5C14C948F37C}
	EndGlobalSection
EndGlobal
