
Microsoft Visual Studio Solution File, Format Version 12.00
# Visual Studio Version 16
VisualStudioVersion = 16.0.33529.622
MinimumVisualStudioVersion = 10.0.40219.1
Project("{FAE04EC0-301F-11D3-BF4B-00C04F79EFBC}") = "Cliente_SW", "Cliente_SW_Sudoku\Cliente_SW.csproj", "{5E7A8BF3-E24E-4A38-815A-2D9986CE518F}"
EndProject
Global
	GlobalSection(SolutionConfigurationPlatforms) = preSolution
		Debug|Any CPU = Debug|Any CPU
		Release|Any CPU = Release|Any CPU
	EndGlobalSection
	GlobalSection(ProjectConfigurationPlatforms) = postSolution
		{5E7A8BF3-E24E-4A38-815A-2D9986CE518F}.Debug|Any CPU.ActiveCfg = Debug|Any CPU
		{5E7A8BF3-E24E-4A38-815A-2D9986CE518F}.Debug|Any CPU.Build.0 = Debug|Any CPU
		{5E7A8BF3-E24E-4A38-815A-2D9986CE518F}.Release|Any CPU.ActiveCfg = Release|Any CPU
		{5E7A8BF3-E24E-4A38-815A-2D9986CE518F}.Release|Any CPU.Build.0 = Release|Any CPU
	EndGlobalSection
	GlobalSection(SolutionProperties) = preSolution
		HideSolutionNode = FALSE
	EndGlobalSection
	GlobalSection(ExtensibilityGlobals) = postSolution
		SolutionGuid = {0C5666C9-173E-4814-BA2F-A9E307A2356A}
	EndGlobalSection
EndGlobal
